
Microsoft Visual Studio Solution File, Format Version 12.00
# Visual Studio Version 16
VisualStudioVersion = 16.0.31025.194
MinimumVisualStudioVersion = 10.0.40219.1
Project("{8BC9CEB8-8B4A-11D0-8D11-00A0C91BC942}") = "PortBender", "PortBender\PortBender.vcxproj", "{7EFAE486-D87C-4ED8-B713-4BDE8E3D1B60}"
EndProject
Global
	GlobalSection(SolutionConfigurationPlatforms) = preSolution
		Debug|x64 = Debug|x64
		Debug|x86 = Debug|x86
		Release|x64 = Release|x64
		Release|x86 = Release|x86
	EndGlobalSection
	GlobalSection(ProjectConfigurationPlatforms) = postSolution
		{7EFAE486-D87C-4ED8-B713-4BDE8E3D1B60}.Debug|x64.ActiveCfg = Debug|x64
		{7EFAE486-D87C-4ED8-B713-4BDE8E3D1B60}.Debug|x64.Build.0 = Debug|x64
		{7EFAE486-D87C-4ED8-B713-4BDE8E3D1B60}.Debug|x86.ActiveCfg = Debug|Win32
		{7EFAE486-D87C-4ED8-B713-4BDE8E3D1B60}.Debug|x86.Build.0 = Debug|Win32
		{7EFAE486-D87C-4ED8-B713-4BDE8E3D1B60}.Release|x64.ActiveCfg = Release|x64
		{7EFAE486-D87C-4ED8-B713-4BDE8E3D1B60}.Release|x64.Build.0 = Release|x64
		{7EFAE486-D87C-4ED8-B713-4BDE8E3D1B60}.Release|x86.ActiveCfg = Release|Win32
		{7EFAE486-D87C-4ED8-B713-4BDE8E3D1B60}.Release|x86.Build.0 = Release|Win32
	EndGlobalSection
	GlobalSection(SolutionProperties) = preSolution
		HideSolutionNode = FALSE
	EndGlobalSection
	GlobalSection(ExtensibilityGlobals) = postSolution
		SolutionGuid = {F77FF896-C714-4E1C-9144-7D8644458C08}
	EndGlobalSection
EndGlobal
